
Microsoft Visual Studio Solution File, Format Version 12.00
Project("{FAE04EC0-301F-11D3-BF4B-00C04F79EFBC}") = "Challenge", "Challenge\Challenge.csproj", "{F2DF32AB-49A8-4402-9FAC-4B6421E7783C}"
EndProject
Project("{FAE04EC0-301F-11D3-BF4B-00C04F79EFBC}") = "Classes", "Classes\Classes.csproj", "{18C84315-019B-4F18-B3EC-48431168C5FD}"
EndProject
Project("{FAE04EC0-301F-11D3-BF4B-00C04F79EFBC}") = "Interface", "Interface\Interface.csproj", "{D5E140F1-BFD8-4C71-833A-A67760E600DA}"
EndProject
Project("{FAE04EC0-301F-11D3-BF4B-00C04F79EFBC}") = "InterfaceDemo", "InterfaceDemo\InterfaceDemo.csproj", "{4B8C7A1A-8965-47BC-8A85-20D36245CC26}"
EndProject
Project("{FAE04EC0-301F-11D3-BF4B-00C04F79EFBC}") = "Inheritance", "Inheritance\Inheritance.csproj", "{81CBAC3A-BEE4-4C0B-999C-405EB3217927}"
EndProject
Global
	GlobalSection(SolutionConfigurationPlatforms) = preSolution
		Debug|Any CPU = Debug|Any CPU
		Release|Any CPU = Release|Any CPU
	EndGlobalSection
	GlobalSection(ProjectConfigurationPlatforms) = postSolution
		{F2DF32AB-49A8-4402-9FAC-4B6421E7783C}.Debug|Any CPU.ActiveCfg = Debug|Any CPU
		{F2DF32AB-49A8-4402-9FAC-4B6421E7783C}.Debug|Any CPU.Build.0 = Debug|Any CPU
		{F2DF32AB-49A8-4402-9FAC-4B6421E7783C}.Release|Any CPU.ActiveCfg = Release|Any CPU
		{F2DF32AB-49A8-4402-9FAC-4B6421E7783C}.Release|Any CPU.Build.0 = Release|Any CPU
		{18C84315-019B-4F18-B3EC-48431168C5FD}.Debug|Any CPU.ActiveCfg = Debug|Any CPU
		{18C84315-019B-4F18-B3EC-48431168C5FD}.Debug|Any CPU.Build.0 = Debug|Any CPU
		{18C84315-019B-4F18-B3EC-48431168C5FD}.Release|Any CPU.ActiveCfg = Release|Any CPU
		{18C84315-019B-4F18-B3EC-48431168C5FD}.Release|Any CPU.Build.0 = Release|Any CPU
		{D5E140F1-BFD8-4C71-833A-A67760E600DA}.Debug|Any CPU.ActiveCfg = Debug|Any CPU
		{D5E140F1-BFD8-4C71-833A-A67760E600DA}.Debug|Any CPU.Build.0 = Debug|Any CPU
		{D5E140F1-BFD8-4C71-833A-A67760E600DA}.Release|Any CPU.ActiveCfg = Release|Any CPU
		{D5E140F1-BFD8-4C71-833A-A67760E600DA}.Release|Any CPU.Build.0 = Release|Any CPU
		{4B8C7A1A-8965-47BC-8A85-20D36245CC26}.Debug|Any CPU.ActiveCfg = Debug|Any CPU
		{4B8C7A1A-8965-47BC-8A85-20D36245CC26}.Debug|Any CPU.Build.0 = Debug|Any CPU
		{4B8C7A1A-8965-47BC-8A85-20D36245CC26}.Release|Any CPU.ActiveCfg = Release|Any CPU
		{4B8C7A1A-8965-47BC-8A85-20D36245CC26}.Release|Any CPU.Build.0 = Release|Any CPU
		{81CBAC3A-BEE4-4C0B-999C-405EB3217927}.Debug|Any CPU.ActiveCfg = Debug|Any CPU
		{81CBAC3A-BEE4-4C0B-999C-405EB3217927}.Debug|Any CPU.Build.0 = Debug|Any CPU
		{81CBAC3A-BEE4-4C0B-999C-405EB3217927}.Release|Any CPU.ActiveCfg = Release|Any CPU
		{81CBAC3A-BEE4-4C0B-999C-405EB3217927}.Release|Any CPU.Build.0 = Release|Any CPU
	EndGlobalSection
EndGlobal
