
Microsoft Visual Studio Solution File, Format Version 12.00
# Visual Studio Version 17
VisualStudioVersion = 17.10.35122.118
MinimumVisualStudioVersion = 10.0.40219.1
Project("{FAE04EC0-301F-11D3-BF4B-00C04F79EFBC}") = "Northwind.Entities", "Northwind.Entities\Northwind.Entities.csproj", "{58F211FD-7CD7-47CE-8995-613C302FF7AE}"
EndProject
Project("{FAE04EC0-301F-11D3-BF4B-00C04F79EFBC}") = "Nothwind.Business", "Nothwind.Business\Nothwind.Business.csproj", "{A6EF895A-0A66-4DB7-9C4C-F7C5AC8119F9}"
EndProject
Project("{FAE04EC0-301F-11D3-BF4B-00C04F79EFBC}") = "Northwind.WebFormsUI", "Northwind.WebFormsUI\Northwind.WebFormsUI.csproj", "{1F18EF13-FB2C-480D-9A7C-551DA4E311DD}"
EndProject
Project("{FAE04EC0-301F-11D3-BF4B-00C04F79EFBC}") = "Northwind.DataAccess", "Northwind.DataAccess\Northwind.DataAccess.csproj", "{07928BD3-9B75-4DBC-9A0D-5592CEB1BA99}"
EndProject
Global
	GlobalSection(SolutionConfigurationPlatforms) = preSolution
		Debug|Any CPU = Debug|Any CPU
		Release|Any CPU = Release|Any CPU
	EndGlobalSection
	GlobalSection(ProjectConfigurationPlatforms) = postSolution
		{58F211FD-7CD7-47CE-8995-613C302FF7AE}.Debug|Any CPU.ActiveCfg = Debug|Any CPU
		{58F211FD-7CD7-47CE-8995-613C302FF7AE}.Debug|Any CPU.Build.0 = Debug|Any CPU
		{58F211FD-7CD7-47CE-8995-613C302FF7AE}.Release|Any CPU.ActiveCfg = Release|Any CPU
		{58F211FD-7CD7-47CE-8995-613C302FF7AE}.Release|Any CPU.Build.0 = Release|Any CPU
		{A6EF895A-0A66-4DB7-9C4C-F7C5AC8119F9}.Debug|Any CPU.ActiveCfg = Debug|Any CPU
		{A6EF895A-0A66-4DB7-9C4C-F7C5AC8119F9}.Debug|Any CPU.Build.0 = Debug|Any CPU
		{A6EF895A-0A66-4DB7-9C4C-F7C5AC8119F9}.Release|Any CPU.ActiveCfg = Release|Any CPU
		{A6EF895A-0A66-4DB7-9C4C-F7C5AC8119F9}.Release|Any CPU.Build.0 = Release|Any CPU
		{1F18EF13-FB2C-480D-9A7C-551DA4E311DD}.Debug|Any CPU.ActiveCfg = Debug|Any CPU
		{1F18EF13-FB2C-480D-9A7C-551DA4E311DD}.Debug|Any CPU.Build.0 = Debug|Any CPU
		{1F18EF13-FB2C-480D-9A7C-551DA4E311DD}.Release|Any CPU.ActiveCfg = Release|Any CPU
		{1F18EF13-FB2C-480D-9A7C-551DA4E311DD}.Release|Any CPU.Build.0 = Release|Any CPU
		{07928BD3-9B75-4DBC-9A0D-5592CEB1BA99}.Debug|Any CPU.ActiveCfg = Debug|Any CPU
		{07928BD3-9B75-4DBC-9A0D-5592CEB1BA99}.Debug|Any CPU.Build.0 = Debug|Any CPU
		{07928BD3-9B75-4DBC-9A0D-5592CEB1BA99}.Release|Any CPU.ActiveCfg = Release|Any CPU
		{07928BD3-9B75-4DBC-9A0D-5592CEB1BA99}.Release|Any CPU.Build.0 = Release|Any CPU
	EndGlobalSection
	GlobalSection(SolutionProperties) = preSolution
		HideSolutionNode = FALSE
	EndGlobalSection
	GlobalSection(ExtensibilityGlobals) = postSolution
		SolutionGuid = {EC4DE064-D73B-451B-AA8A-659FAB38B76A}
	EndGlobalSection
EndGlobal
