
Microsoft Visual Studio Solution File, Format Version 12.00
# Visual Studio Version 17
VisualStudioVersion = 17.10.35122.118
MinimumVisualStudioVersion = 10.0.40219.1
Project("{FAE04EC0-301F-11D3-BF4B-00C04F79EFBC}") = "Singleton", "DesingPatterns\Singleton.csproj", "{CAF605E3-2034-45C3-9D0C-13454BC77642}"
EndProject
Project("{FAE04EC0-301F-11D3-BF4B-00C04F79EFBC}") = "FactoryMethod", "FactoryMethod\FactoryMethod.csproj", "{BDBD9CE1-2DE3-4688-AA37-B1E9966CCFBD}"
EndProject
Project("{FAE04EC0-301F-11D3-BF4B-00C04F79EFBC}") = "AbstractFactory", "AbstractFactory\AbstractFactory.csproj", "{9152BCAC-378B-4AD6-95D3-27C2B034ACAA}"
EndProject
Project("{FAE04EC0-301F-11D3-BF4B-00C04F79EFBC}") = "Prototype", "Prototype\Prototype.csproj", "{A2E69D79-F724-472D-A4F2-B7531DFF0EB3}"
EndProject
Project("{FAE04EC0-301F-11D3-BF4B-00C04F79EFBC}") = "Builder", "Builder\Builder.csproj", "{9C7EE9A0-BEDF-49F2-BB8A-CAB0148349B3}"
EndProject
Project("{FAE04EC0-301F-11D3-BF4B-00C04F79EFBC}") = "Facade", "Facade\Facade.csproj", "{AB569456-3BF6-4AC4-8F10-D64979196AB6}"
EndProject
Project("{FAE04EC0-301F-11D3-BF4B-00C04F79EFBC}") = "Adapter", "Adapter\Adapter.csproj", "{B0938A2A-2305-48A8-BD61-9C13CC4A87BF}"
EndProject
Global
	GlobalSection(SolutionConfigurationPlatforms) = preSolution
		Debug|Any CPU = Debug|Any CPU
		Release|Any CPU = Release|Any CPU
	EndGlobalSection
	GlobalSection(ProjectConfigurationPlatforms) = postSolution
		{CAF605E3-2034-45C3-9D0C-13454BC77642}.Debug|Any CPU.ActiveCfg = Debug|Any CPU
		{CAF605E3-2034-45C3-9D0C-13454BC77642}.Debug|Any CPU.Build.0 = Debug|Any CPU
		{CAF605E3-2034-45C3-9D0C-13454BC77642}.Release|Any CPU.ActiveCfg = Release|Any CPU
		{CAF605E3-2034-45C3-9D0C-13454BC77642}.Release|Any CPU.Build.0 = Release|Any CPU
		{BDBD9CE1-2DE3-4688-AA37-B1E9966CCFBD}.Debug|Any CPU.ActiveCfg = Debug|Any CPU
		{BDBD9CE1-2DE3-4688-AA37-B1E9966CCFBD}.Debug|Any CPU.Build.0 = Debug|Any CPU
		{BDBD9CE1-2DE3-4688-AA37-B1E9966CCFBD}.Release|Any CPU.ActiveCfg = Release|Any CPU
		{BDBD9CE1-2DE3-4688-AA37-B1E9966CCFBD}.Release|Any CPU.Build.0 = Release|Any CPU
		{9152BCAC-378B-4AD6-95D3-27C2B034ACAA}.Debug|Any CPU.ActiveCfg = Debug|Any CPU
		{9152BCAC-378B-4AD6-95D3-27C2B034ACAA}.Debug|Any CPU.Build.0 = Debug|Any CPU
		{9152BCAC-378B-4AD6-95D3-27C2B034ACAA}.Release|Any CPU.ActiveCfg = Release|Any CPU
		{9152BCAC-378B-4AD6-95D3-27C2B034ACAA}.Release|Any CPU.Build.0 = Release|Any CPU
		{A2E69D79-F724-472D-A4F2-B7531DFF0EB3}.Debug|Any CPU.ActiveCfg = Debug|Any CPU
		{A2E69D79-F724-472D-A4F2-B7531DFF0EB3}.Debug|Any CPU.Build.0 = Debug|Any CPU
		{A2E69D79-F724-472D-A4F2-B7531DFF0EB3}.Release|Any CPU.ActiveCfg = Release|Any CPU
		{A2E69D79-F724-472D-A4F2-B7531DFF0EB3}.Release|Any CPU.Build.0 = Release|Any CPU
		{9C7EE9A0-BEDF-49F2-BB8A-CAB0148349B3}.Debug|Any CPU.ActiveCfg = Debug|Any CPU
		{9C7EE9A0-BEDF-49F2-BB8A-CAB0148349B3}.Debug|Any CPU.Build.0 = Debug|Any CPU
		{9C7EE9A0-BEDF-49F2-BB8A-CAB0148349B3}.Release|Any CPU.ActiveCfg = Release|Any CPU
		{9C7EE9A0-BEDF-49F2-BB8A-CAB0148349B3}.Release|Any CPU.Build.0 = Release|Any CPU
		{AB569456-3BF6-4AC4-8F10-D64979196AB6}.Debug|Any CPU.ActiveCfg = Debug|Any CPU
		{AB569456-3BF6-4AC4-8F10-D64979196AB6}.Debug|Any CPU.Build.0 = Debug|Any CPU
		{AB569456-3BF6-4AC4-8F10-D64979196AB6}.Release|Any CPU.ActiveCfg = Release|Any CPU
		{AB569456-3BF6-4AC4-8F10-D64979196AB6}.Release|Any CPU.Build.0 = Release|Any CPU
		{B0938A2A-2305-48A8-BD61-9C13CC4A87BF}.Debug|Any CPU.ActiveCfg = Debug|Any CPU
		{B0938A2A-2305-48A8-BD61-9C13CC4A87BF}.Debug|Any CPU.Build.0 = Debug|Any CPU
		{B0938A2A-2305-48A8-BD61-9C13CC4A87BF}.Release|Any CPU.ActiveCfg = Release|Any CPU
		{B0938A2A-2305-48A8-BD61-9C13CC4A87BF}.Release|Any CPU.Build.0 = Release|Any CPU
	EndGlobalSection
	GlobalSection(SolutionProperties) = preSolution
		HideSolutionNode = FALSE
	EndGlobalSection
	GlobalSection(ExtensibilityGlobals) = postSolution
		SolutionGuid = {3B43DFF1-54BB-4F96-BCE6-91336AE01BA5}
	EndGlobalSection
EndGlobal
