
Microsoft Visual Studio Solution File, Format Version 12.00
# Visual Studio Version 17
VisualStudioVersion = 17.10.35122.118
MinimumVisualStudioVersion = 10.0.40219.1
Project("{FAE04EC0-301F-11D3-BF4B-00C04F79EFBC}") = "Singleton", "DesingPatterns\Singleton.csproj", "{CAF605E3-2034-45C3-9D0C-13454BC77642}"
EndProject
Project("{FAE04EC0-301F-11D3-BF4B-00C04F79EFBC}") = "FactoryMethod", "FactoryMethod\FactoryMethod.csproj", "{BDBD9CE1-2DE3-4688-AA37-B1E9966CCFBD}"
EndProject
Project("{FAE04EC0-301F-11D3-BF4B-00C04F79EFBC}") = "AbstractFactory", "AbstractFactory\AbstractFactory.csproj", "{9152BCAC-378B-4AD6-95D3-27C2B034ACAA}"
EndProject
Project("{FAE04EC0-301F-11D3-BF4B-00C04F79EFBC}") = "Prototype", "Prototype\Prototype.csproj", "{A2E69D79-F724-472D-A4F2-B7531DFF0EB3}"
EndProject
Project("{FAE04EC0-301F-11D3-BF4B-00C04F79EFBC}") = "Builder", "Builder\Builder.csproj", "{9C7EE9A0-BEDF-49F2-BB8A-CAB0148349B3}"
EndProject
Project("{FAE04EC0-301F-11D3-BF4B-00C04F79EFBC}") = "Facade", "Facade\Facade.csproj", "{AB569456-3BF6-4AC4-8F10-D64979196AB6}"
EndProject
Project("{FAE04EC0-301F-11D3-BF4B-00C04F79EFBC}") = "Adapter", "Adapter\Adapter.csproj", "{B0938A2A-2305-48A8-BD61-9C13CC4A87BF}"
EndProject
Project("{FAE04EC0-301F-11D3-BF4B-00C04F79EFBC}") = "Composite", "Composite\Composite.csproj", "{91D9D665-5415-4A5B-95BD-4DDE58705401}"
EndProject
Project("{FAE04EC0-301F-11D3-BF4B-00C04F79EFBC}") = "Proxy", "Proxy\Proxy.csproj", "{1C2F5E15-D9C1-4F27-B5BA-A9C42FD34CB8}"
EndProject
Project("{FAE04EC0-301F-11D3-BF4B-00C04F79EFBC}") = "Decorator", "Decorator\Decorator.csproj", "{2230F05F-326D-4BD0-85F7-77EAA3713107}"
EndProject
Project("{FAE04EC0-301F-11D3-BF4B-00C04F79EFBC}") = "Bridge", "Bridge\Bridge.csproj", "{C5231813-5701-4684-82AC-B6DD90BC9BBF}"
EndProject
Project("{FAE04EC0-301F-11D3-BF4B-00C04F79EFBC}") = "Strategy", "Strategy\Strategy.csproj", "{4195B399-1416-4F48-B8F5-931F02ED968F}"
EndProject
Project("{FAE04EC0-301F-11D3-BF4B-00C04F79EFBC}") = "Observer", "Observer\Observer.csproj", "{386FD403-55FD-4D96-8449-E11C745B7557}"
EndProject
Project("{FAE04EC0-301F-11D3-BF4B-00C04F79EFBC}") = "ChainOfResponsibility", "ChainOfResponsibility\ChainOfResponsibility.csproj", "{ACAB70B9-0221-4ABA-8643-8F9FDE2E2DBF}"
EndProject
Project("{FAE04EC0-301F-11D3-BF4B-00C04F79EFBC}") = "Memento", "Memento\Memento.csproj", "{E01BFBA4-4DC4-44CE-B811-791DC7DF86F1}"
EndProject
Project("{FAE04EC0-301F-11D3-BF4B-00C04F79EFBC}") = "TemplateMethod", "TemplateMethod\TemplateMethod.csproj", "{AC0DAABF-D2B9-4AAB-A76F-DBBEF2C9A572}"
EndProject
Project("{FAE04EC0-301F-11D3-BF4B-00C04F79EFBC}") = "State", "State\State.csproj", "{674A2839-7BC6-40CF-950A-73077D9CC870}"
EndProject
Project("{FAE04EC0-301F-11D3-BF4B-00C04F79EFBC}") = "Mediator", "Mediator\Mediator.csproj", "{A6C459D3-85B3-4BE2-BB8F-427294D4B9EA}"
EndProject
Project("{FAE04EC0-301F-11D3-BF4B-00C04F79EFBC}") = "Command", "Command\Command.csproj", "{A84B1D3A-3F8C-448E-92B0-E0EE94B75D7F}"
EndProject
Project("{FAE04EC0-301F-11D3-BF4B-00C04F79EFBC}") = "Visitor", "Visitor\Visitor.csproj", "{3FB42035-377D-4CD5-A685-0B34D1D950C1}"
EndProject
Project("{FAE04EC0-301F-11D3-BF4B-00C04F79EFBC}") = "DependencyInjection", "DependencyInjection\DependencyInjection.csproj", "{2461F3CA-5594-4BB8-BC80-D800862006BF}"
EndProject
Global
	GlobalSection(SolutionConfigurationPlatforms) = preSolution
		Debug|Any CPU = Debug|Any CPU
		Release|Any CPU = Release|Any CPU
	EndGlobalSection
	GlobalSection(ProjectConfigurationPlatforms) = postSolution
		{CAF605E3-2034-45C3-9D0C-13454BC77642}.Debug|Any CPU.ActiveCfg = Debug|Any CPU
		{CAF605E3-2034-45C3-9D0C-13454BC77642}.Debug|Any CPU.Build.0 = Debug|Any CPU
		{CAF605E3-2034-45C3-9D0C-13454BC77642}.Release|Any CPU.ActiveCfg = Release|Any CPU
		{CAF605E3-2034-45C3-9D0C-13454BC77642}.Release|Any CPU.Build.0 = Release|Any CPU
		{BDBD9CE1-2DE3-4688-AA37-B1E9966CCFBD}.Debug|Any CPU.ActiveCfg = Debug|Any CPU
		{BDBD9CE1-2DE3-4688-AA37-B1E9966CCFBD}.Debug|Any CPU.Build.0 = Debug|Any CPU
		{BDBD9CE1-2DE3-4688-AA37-B1E9966CCFBD}.Release|Any CPU.ActiveCfg = Release|Any CPU
		{BDBD9CE1-2DE3-4688-AA37-B1E9966CCFBD}.Release|Any CPU.Build.0 = Release|Any CPU
		{9152BCAC-378B-4AD6-95D3-27C2B034ACAA}.Debug|Any CPU.ActiveCfg = Debug|Any CPU
		{9152BCAC-378B-4AD6-95D3-27C2B034ACAA}.Debug|Any CPU.Build.0 = Debug|Any CPU
		{9152BCAC-378B-4AD6-95D3-27C2B034ACAA}.Release|Any CPU.ActiveCfg = Release|Any CPU
		{9152BCAC-378B-4AD6-95D3-27C2B034ACAA}.Release|Any CPU.Build.0 = Release|Any CPU
		{A2E69D79-F724-472D-A4F2-B7531DFF0EB3}.Debug|Any CPU.ActiveCfg = Debug|Any CPU
		{A2E69D79-F724-472D-A4F2-B7531DFF0EB3}.Debug|Any CPU.Build.0 = Debug|Any CPU
		{A2E69D79-F724-472D-A4F2-B7531DFF0EB3}.Release|Any CPU.ActiveCfg = Release|Any CPU
		{A2E69D79-F724-472D-A4F2-B7531DFF0EB3}.Release|Any CPU.Build.0 = Release|Any CPU
		{9C7EE9A0-BEDF-49F2-BB8A-CAB0148349B3}.Debug|Any CPU.ActiveCfg = Debug|Any CPU
		{9C7EE9A0-BEDF-49F2-BB8A-CAB0148349B3}.Debug|Any CPU.Build.0 = Debug|Any CPU
		{9C7EE9A0-BEDF-49F2-BB8A-CAB0148349B3}.Release|Any CPU.ActiveCfg = Release|Any CPU
		{9C7EE9A0-BEDF-49F2-BB8A-CAB0148349B3}.Release|Any CPU.Build.0 = Release|Any CPU
		{AB569456-3BF6-4AC4-8F10-D64979196AB6}.Debug|Any CPU.ActiveCfg = Debug|Any CPU
		{AB569456-3BF6-4AC4-8F10-D64979196AB6}.Debug|Any CPU.Build.0 = Debug|Any CPU
		{AB569456-3BF6-4AC4-8F10-D64979196AB6}.Release|Any CPU.ActiveCfg = Release|Any CPU
		{AB569456-3BF6-4AC4-8F10-D64979196AB6}.Release|Any CPU.Build.0 = Release|Any CPU
		{B0938A2A-2305-48A8-BD61-9C13CC4A87BF}.Debug|Any CPU.ActiveCfg = Debug|Any CPU
		{B0938A2A-2305-48A8-BD61-9C13CC4A87BF}.Debug|Any CPU.Build.0 = Debug|Any CPU
		{B0938A2A-2305-48A8-BD61-9C13CC4A87BF}.Release|Any CPU.ActiveCfg = Release|Any CPU
		{B0938A2A-2305-48A8-BD61-9C13CC4A87BF}.Release|Any CPU.Build.0 = Release|Any CPU
		{91D9D665-5415-4A5B-95BD-4DDE58705401}.Debug|Any CPU.ActiveCfg = Debug|Any CPU
		{91D9D665-5415-4A5B-95BD-4DDE58705401}.Debug|Any CPU.Build.0 = Debug|Any CPU
		{91D9D665-5415-4A5B-95BD-4DDE58705401}.Release|Any CPU.ActiveCfg = Release|Any CPU
		{91D9D665-5415-4A5B-95BD-4DDE58705401}.Release|Any CPU.Build.0 = Release|Any CPU
		{1C2F5E15-D9C1-4F27-B5BA-A9C42FD34CB8}.Debug|Any CPU.ActiveCfg = Debug|Any CPU
		{1C2F5E15-D9C1-4F27-B5BA-A9C42FD34CB8}.Debug|Any CPU.Build.0 = Debug|Any CPU
		{1C2F5E15-D9C1-4F27-B5BA-A9C42FD34CB8}.Release|Any CPU.ActiveCfg = Release|Any CPU
		{1C2F5E15-D9C1-4F27-B5BA-A9C42FD34CB8}.Release|Any CPU.Build.0 = Release|Any CPU
		{2230F05F-326D-4BD0-85F7-77EAA3713107}.Debug|Any CPU.ActiveCfg = Debug|Any CPU
		{2230F05F-326D-4BD0-85F7-77EAA3713107}.Debug|Any CPU.Build.0 = Debug|Any CPU
		{2230F05F-326D-4BD0-85F7-77EAA3713107}.Release|Any CPU.ActiveCfg = Release|Any CPU
		{2230F05F-326D-4BD0-85F7-77EAA3713107}.Release|Any CPU.Build.0 = Release|Any CPU
		{C5231813-5701-4684-82AC-B6DD90BC9BBF}.Debug|Any CPU.ActiveCfg = Debug|Any CPU
		{C5231813-5701-4684-82AC-B6DD90BC9BBF}.Debug|Any CPU.Build.0 = Debug|Any CPU
		{C5231813-5701-4684-82AC-B6DD90BC9BBF}.Release|Any CPU.ActiveCfg = Release|Any CPU
		{C5231813-5701-4684-82AC-B6DD90BC9BBF}.Release|Any CPU.Build.0 = Release|Any CPU
		{4195B399-1416-4F48-B8F5-931F02ED968F}.Debug|Any CPU.ActiveCfg = Debug|Any CPU
		{4195B399-1416-4F48-B8F5-931F02ED968F}.Debug|Any CPU.Build.0 = Debug|Any CPU
		{4195B399-1416-4F48-B8F5-931F02ED968F}.Release|Any CPU.ActiveCfg = Release|Any CPU
		{4195B399-1416-4F48-B8F5-931F02ED968F}.Release|Any CPU.Build.0 = Release|Any CPU
		{386FD403-55FD-4D96-8449-E11C745B7557}.Debug|Any CPU.ActiveCfg = Debug|Any CPU
		{386FD403-55FD-4D96-8449-E11C745B7557}.Debug|Any CPU.Build.0 = Debug|Any CPU
		{386FD403-55FD-4D96-8449-E11C745B7557}.Release|Any CPU.ActiveCfg = Release|Any CPU
		{386FD403-55FD-4D96-8449-E11C745B7557}.Release|Any CPU.Build.0 = Release|Any CPU
		{ACAB70B9-0221-4ABA-8643-8F9FDE2E2DBF}.Debug|Any CPU.ActiveCfg = Debug|Any CPU
		{ACAB70B9-0221-4ABA-8643-8F9FDE2E2DBF}.Debug|Any CPU.Build.0 = Debug|Any CPU
		{ACAB70B9-0221-4ABA-8643-8F9FDE2E2DBF}.Release|Any CPU.ActiveCfg = Release|Any CPU
		{ACAB70B9-0221-4ABA-8643-8F9FDE2E2DBF}.Release|Any CPU.Build.0 = Release|Any CPU
		{E01BFBA4-4DC4-44CE-B811-791DC7DF86F1}.Debug|Any CPU.ActiveCfg = Debug|Any CPU
		{E01BFBA4-4DC4-44CE-B811-791DC7DF86F1}.Debug|Any CPU.Build.0 = Debug|Any CPU
		{E01BFBA4-4DC4-44CE-B811-791DC7DF86F1}.Release|Any CPU.ActiveCfg = Release|Any CPU
		{E01BFBA4-4DC4-44CE-B811-791DC7DF86F1}.Release|Any CPU.Build.0 = Release|Any CPU
		{AC0DAABF-D2B9-4AAB-A76F-DBBEF2C9A572}.Debug|Any CPU.ActiveCfg = Debug|Any CPU
		{AC0DAABF-D2B9-4AAB-A76F-DBBEF2C9A572}.Debug|Any CPU.Build.0 = Debug|Any CPU
		{AC0DAABF-D2B9-4AAB-A76F-DBBEF2C9A572}.Release|Any CPU.ActiveCfg = Release|Any CPU
		{AC0DAABF-D2B9-4AAB-A76F-DBBEF2C9A572}.Release|Any CPU.Build.0 = Release|Any CPU
		{674A2839-7BC6-40CF-950A-73077D9CC870}.Debug|Any CPU.ActiveCfg = Debug|Any CPU
		{674A2839-7BC6-40CF-950A-73077D9CC870}.Debug|Any CPU.Build.0 = Debug|Any CPU
		{674A2839-7BC6-40CF-950A-73077D9CC870}.Release|Any CPU.ActiveCfg = Release|Any CPU
		{674A2839-7BC6-40CF-950A-73077D9CC870}.Release|Any CPU.Build.0 = Release|Any CPU
		{A6C459D3-85B3-4BE2-BB8F-427294D4B9EA}.Debug|Any CPU.ActiveCfg = Debug|Any CPU
		{A6C459D3-85B3-4BE2-BB8F-427294D4B9EA}.Debug|Any CPU.Build.0 = Debug|Any CPU
		{A6C459D3-85B3-4BE2-BB8F-427294D4B9EA}.Release|Any CPU.ActiveCfg = Release|Any CPU
		{A6C459D3-85B3-4BE2-BB8F-427294D4B9EA}.Release|Any CPU.Build.0 = Release|Any CPU
		{A84B1D3A-3F8C-448E-92B0-E0EE94B75D7F}.Debug|Any CPU.ActiveCfg = Debug|Any CPU
		{A84B1D3A-3F8C-448E-92B0-E0EE94B75D7F}.Debug|Any CPU.Build.0 = Debug|Any CPU
		{A84B1D3A-3F8C-448E-92B0-E0EE94B75D7F}.Release|Any CPU.ActiveCfg = Release|Any CPU
		{A84B1D3A-3F8C-448E-92B0-E0EE94B75D7F}.Release|Any CPU.Build.0 = Release|Any CPU
		{3FB42035-377D-4CD5-A685-0B34D1D950C1}.Debug|Any CPU.ActiveCfg = Debug|Any CPU
		{3FB42035-377D-4CD5-A685-0B34D1D950C1}.Debug|Any CPU.Build.0 = Debug|Any CPU
		{3FB42035-377D-4CD5-A685-0B34D1D950C1}.Release|Any CPU.ActiveCfg = Release|Any CPU
		{3FB42035-377D-4CD5-A685-0B34D1D950C1}.Release|Any CPU.Build.0 = Release|Any CPU
		{2461F3CA-5594-4BB8-BC80-D800862006BF}.Debug|Any CPU.ActiveCfg = Debug|Any CPU
		{2461F3CA-5594-4BB8-BC80-D800862006BF}.Debug|Any CPU.Build.0 = Debug|Any CPU
		{2461F3CA-5594-4BB8-BC80-D800862006BF}.Release|Any CPU.ActiveCfg = Release|Any CPU
		{2461F3CA-5594-4BB8-BC80-D800862006BF}.Release|Any CPU.Build.0 = Release|Any CPU
	EndGlobalSection
	GlobalSection(SolutionProperties) = preSolution
		HideSolutionNode = FALSE
	EndGlobalSection
	GlobalSection(ExtensibilityGlobals) = postSolution
		SolutionGuid = {3B43DFF1-54BB-4F96-BCE6-91336AE01BA5}
	EndGlobalSection
EndGlobal
